// !$*UTF8*$!
{
	archiveVersion = 1;
	classes = {
	};
	objectVersion = 46;
	objects = {

/* Begin PBXBuildFile section */
		CB60407E1BE7DCF4001C58D0 /* AppDelegate.swift in Sources */ = {isa = PBXBuildFile; fileRef = CB60407D1BE7DCF4001C58D0 /* AppDelegate.swift */; };
		CB6040801BE7DCF4001C58D0 /* ViewController.swift in Sources */ = {isa = PBXBuildFile; fileRef = CB60407F1BE7DCF4001C58D0 /* ViewController.swift */; };
		CB6040831BE7DCF4001C58D0 /* Main.storyboard in Resources */ = {isa = PBXBuildFile; fileRef = CB6040811BE7DCF4001C58D0 /* Main.storyboard */; };
		CB6040851BE7DCF4001C58D0 /* Assets.xcassets in Resources */ = {isa = PBXBuildFile; fileRef = CB6040841BE7DCF4001C58D0 /* Assets.xcassets */; };
		CB6040881BE7DCF4001C58D0 /* LaunchScreen.storyboard in Resources */ = {isa = PBXBuildFile; fileRef = CB6040861BE7DCF4001C58D0 /* LaunchScreen.storyboard */; };
/* End PBXBuildFile section */

/* Begin PBXFileReference section */
		CB60407A1BE7DCF4001C58D0 /* Super Cool.app */ = {isa = PBXFileReference; explicitFileType = wrapper.application; includeInIndex = 0; path = "Super Cool.app"; sourceTree = BUILT_PRODUCTS_DIR; };
		CB60407D1BE7DCF4001C58D0 /* AppDelegate.swift */ = {isa = PBXFileReference; lastKnownFileType = sourcecode.swift; path = AppDelegate.swift; sourceTree = "<group>"; };
		CB60407F1BE7DCF4001C58D0 /* ViewController.swift */ = {isa = PBXFileReference; lastKnownFileType = sourcecode.swift; path = ViewController.swift; sourceTree = "<group>"; };
		CB6040821BE7DCF4001C58D0 /* Base */ = {isa = PBXFileReference; lastKnownFileType = file.storyboard; name = Base; path = Base.lproj/Main.storyboard; sourceTree = "<group>"; };
		CB6040841BE7DCF4001C58D0 /* Assets.xcassets */ = {isa = PBXFileReference; lastKnownFileType = folder.assetcatalog; path = Assets.xcassets; sourceTree = "<group>"; };
		CB6040871BE7DCF4001C58D0 /* Base */ = {isa = PBXFileReference; lastKnownFileType = file.storyboard; name = Base; path = Base.lproj/LaunchScreen.storyboard; sourceTree = "<group>"; };
		CB6040891BE7DCF4001C58D0 /* Info.plist */ = {isa = PBXFileReference; lastKnownFileType = text.plist.xml; path = Info.plist; sourceTree = "<group>"; };
/* End PBXFileReference section */

/* Begin PBXFrameworksBuildPhase section */
		CB6040771BE7DCF4001C58D0 /* Frameworks */ = {
			isa = PBXFrameworksBuildPhase;
			buildActionMask = 2147483647;
			files = (
			);
			runOnlyForDeploymentPostprocessing = 0;
		};
/* End PBXFrameworksBuildPhase section */

/* Begin PBXGroup section */
		CB6040711BE7DCF4001C58D0 = {
			isa = PBXGroup;
			children = (
				CB60407C1BE7DCF4001C58D0 /* Super Cool */,
				CB60407B1BE7DCF4001C58D0 /* Products */,
			);
			sourceTree = "<group>";
		};
		CB60407B1BE7DCF4001C58D0 /* Products */ = {
			isa = PBXGroup;
			children = (
				CB60407A1BE7DCF4001C58D0 /* Super Cool.app */,
			);
			name = Products;
			sourceTree = "<group>";
		};
		CB60407C1BE7DCF4001C58D0 /* Super Cool */ = {
			isa = PBXGroup;
			children = (
				CB60407D1BE7DCF4001C58D0 /* AppDelegate.swift */,
				CB60407F1BE7DCF4001C58D0 /* ViewController.swift */,
				CB6040811BE7DCF4001C58D0 /* Main.storyboard */,
				CB6040841BE7DCF4001C58D0 /* Assets.xcassets */,
				CB6040861BE7DCF4001C58D0 /* LaunchScreen.storyboard */,
				CB6040891BE7DCF4001C58D0 /* Info.plist */,
			);
			path = "Super Cool";
			sourceTree = "<group>";
		};
/* End PBXGroup section */

/* Begin PBXNativeTarget section */
		CB6040791BE7DCF4001C58D0 /* Super Cool */ = {
			isa = PBXNativeTarget;
			buildConfigurationList = CB60408C1BE7DCF4001C58D0 /* Build configuration list for PBXNativeTarget "Super Cool" */;
			buildPhases = (
				CB6040761BE7DCF4001C58D0 /* Sources */,
				CB6040771BE7DCF4001C58D0 /* Frameworks */,
				CB6040781BE7DCF4001C58D0 /* Resources */,
			);
			buildRules = (
			);
			dependencies = (
			);
			name = "Super Cool";
			productName = "Super Cool";
			productReference = CB60407A1BE7DCF4001C58D0 /* Super Cool.app */;
			productType = "com.apple.product-type.application";
		};
/* End PBXNativeTarget section */

/* Begin PBXProject section */
		CB6040721BE7DCF4001C58D0 /* Project object */ = {
			isa = PBXProject;
			attributes = {
				LastSwiftUpdateCheck = 0710;
				LastUpgradeCheck = 0710;
				ORGANIZATIONNAME = "GoldCrown Developments";
				TargetAttributes = {
					CB6040791BE7DCF4001C58D0 = {
						CreatedOnToolsVersion = 7.1;
					};
				};
			};
			buildConfigurationList = CB6040751BE7DCF4001C58D0 /* Build configuration list for PBXProject "Super Cool" */;
			compatibilityVersion = "Xcode 3.2";
			developmentRegion = English;
			hasScannedForEncodings = 0;
			knownRegions = (
				en,
				Base,
			);
			mainGroup = CB6040711BE7DCF4001C58D0;
			productRefGroup = CB60407B1BE7DCF4001C58D0 /* Products */;
			projectDirPath = "";
			projectRoot = "";
			targets = (
				CB6040791BE7DCF4001C58D0 /* Super Cool */,
			);
		};
/* End PBXProject section */

/* Begin PBXResourcesBuildPhase section */
		CB6040781BE7DCF4001C58D0 /* Resources */ = {
			isa = PBXResourcesBuildPhase;
			buildActionMask = 2147483647;
			files = (
				CB6040881BE7DCF4001C58D0 /* LaunchScreen.storyboard in Resources */,
				CB6040851BE7DCF4001C58D0 /* Assets.xcassets in Resources */,
				CB6040831BE7DCF4001C58D0 /* Main.storyboard in Resources */,
			);
			runOnlyForDeploymentPostprocessing = 0;
		};
/* End PBXResourcesBuildPhase section */

/* Begin PBXSourcesBuildPhase section */
		CB6040761BE7DCF4001C58D0 /* Sources */ = {
			isa = PBXSourcesBuildPhase;
			buildActionMask = 2147483647;
			files = (
				CB6040801BE7DCF4001C58D0 /* ViewController.swift in Sources */,
				CB60407E1BE7DCF4001C58D0 /* AppDelegate.swift in Sources */,
			);
			runOnlyForDeploymentPostprocessing = 0;
		};
/* End PBXSourcesBuildPhase section */

/* Begin PBXVariantGroup section */
		CB6040811BE7DCF4001C58D0 /* Main.storyboard */ = {
			isa = PBXVariantGroup;
			children = (
				CB6040821BE7DCF4001C58D0 /* Base */,
			);
			name = Main.storyboard;
			sourceTree = "<group>";
		};
		CB6040861BE7DCF4001C58D0 /* LaunchScreen.storyboard */ = {
			isa = PBXVariantGroup;
			children = (
				CB6040871BE7DCF4001C58D0 /* Base */,
			);
			name = LaunchScreen.storyboard;
			sourceTree = "<group>";
		};
/* End PBXVariantGroup section */

/* Begin XCBuildConfiguration section */
		CB60408A1BE7DCF4001C58D0 /* Debug */ = {
			isa = XCBuildConfiguration;
			buildSettings = {
				ALWAYS_SEARCH_USER_PATHS = NO;
				CLANG_CXX_LANGUAGE_STANDARD = "gnu++0x";
				CLANG_CXX_LIBRARY = "libc++";
				CLANG_ENABLE_MODULES = YES;
				CLANG_ENABLE_OBJC_ARC = YES;
				CLANG_WARN_BOOL_CONVERSION = YES;
				CLANG_WARN_CONSTANT_CONVERSION = YES;
				CLANG_WARN_DIRECT_OBJC_ISA_USAGE = YES_ERROR;
				CLANG_WARN_EMPTY_BODY = YES;
				CLANG_WARN_ENUM_CONVERSION = YES;
				CLANG_WARN_INT_CONVERSION = YES;
				CLANG_WARN_OBJC_ROOT_CLASS = YES_ERROR;
				CLANG_WARN_UNREACHABLE_CODE = YES;
				CLANG_WARN__DUPLICATE_METHOD_MATCH = YES;
				"CODE_SIGN_IDENTITY[sdk=iphoneos*]" = "iPhone Developer";
				COPY_PHASE_STRIP = NO;
				DEBUG_INFORMATION_FORMAT = dwarf;
				ENABLE_STRICT_OBJC_MSGSEND = YES;
				ENABLE_TESTABILITY = YES;
				GCC_C_LANGUAGE_STANDARD = gnu99;
				GCC_DYNAMIC_NO_PIC = NO;
				GCC_NO_COMMON_BLOCKS = YES;
				GCC_OPTIMIZATION_LEVEL = 0;
				GCC_PREPROCESSOR_DEFINITIONS = (
					"DEBUG=1",
					"$(inherited)",
				);
				GCC_WARN_64_TO_32_BIT_CONVERSION = YES;
				GCC_WARN_ABOUT_RETURN_TYPE = YES_ERROR;
				GCC_WARN_UNDECLARED_SELECTOR = YES;
				GCC_WARN_UNINITIALIZED_AUTOS = YES_AGGRESSIVE;
				GCC_WARN_UNUSED_FUNCTION = YES;
				GCC_WARN_UNUSED_VARIABLE = YES;
				IPHONEOS_DEPLOYMENT_TARGET = 9.1;
				MTL_ENABLE_DEBUG_INFO = YES;
				ONLY_ACTIVE_ARCH = YES;
				SDKROOT = iphoneos;
				SWIFT_OPTIMIZATION_LEVEL = "-Onone";
			};
			name = Debug;
		};
		CB60408B1BE7DCF4001C58D0 /* Release */ = {
			isa = XCBuildConfiguration;
			buildSettings = {
				ALWAYS_SEARCH_USER_PATHS = NO;
				CLANG_CXX_LANGUAGE_STANDARD = "gnu++0x";
				CLANG_CXX_LIBRARY = "libc++";
				CLANG_ENABLE_MODULES = YES;
				CLANG_ENABLE_OBJC_ARC = YES;
				CLANG_WARN_BOOL_CONVERSION = YES;
				CLANG_WARN_CONSTANT_CONVERSION = YES;
				CLANG_WARN_DIRECT_OBJC_ISA_USAGE = YES_ERROR;
				CLANG_WARN_EMPTY_BODY = YES;
				CLANG_WARN_ENUM_CONVERSION = YES;
				CLANG_WARN_INT_CONVERSION = YES;
				CLANG_WARN_OBJC_ROOT_CLASS = YES_ERROR;
				CLANG_WARN_UNREACHABLE_CODE = YES;
				CLANG_WARN__DUPLICATE_METHOD_MATCH = YES;
				"CODE_SIGN_IDENTITY[sdk=iphoneos*]" = "iPhone Developer";
				COPY_PHASE_STRIP = NO;
				DEBUG_INFORMATION_FORMAT = "dwarf-with-dsym";
				ENABLE_NS_ASSERTIONS = NO;
				ENABLE_STRICT_OBJC_MSGSEND = YES;
				GCC_C_LANGUAGE_STANDARD = gnu99;
				GCC_NO_COMMON_BLOCKS = YES;
				GCC_WARN_64_TO_32_BIT_CONVERSION = YES;
				GCC_WARN_ABOUT_RETURN_TYPE = YES_ERROR;
				GCC_WARN_UNDECLARED_SELECTOR = YES;
				GCC_WARN_UNINITIALIZED_AUTOS = YES_AGGRESSIVE;
				GCC_WARN_UNUSED_FUNCTION = YES;
				GCC_WARN_UNUSED_VARIABLE = YES;
				IPHONEOS_DEPLOYMENT_TARGET = 9.1;
				MTL_ENABLE_DEBUG_INFO = NO;
				SDKROOT = iphoneos;
				VALIDATE_PRODUCT = YES;
			};
			name = Release;
		};
		CB60408D1BE7DCF4001C58D0 /* Debug */ = {
			isa = XCBuildConfiguration;
			buildSettings = {
				ASSETCATALOG_COMPILER_APPICON_NAME = AppIcon;
				INFOPLIST_FILE = "Super Cool/Info.plist";
				LD_RUNPATH_SEARCH_PATHS = "$(inherited) @executable_path/Frameworks";
				PRODUCT_BUNDLE_IDENTIFIER = "com.goldcrowndevelopments.Super-Cool";
				PRODUCT_NAME = "$(TARGET_NAME)";
			};
			name = Debug;
		};
		CB60408E1BE7DCF4001C58D0 /* Release */ = {
			isa = XCBuildConfiguration;
			buildSettings = {
				ASSETCATALOG_COMPILER_APPICON_NAME = AppIcon;
				INFOPLIST_FILE = "Super Cool/Info.plist";
				LD_RUNPATH_SEARCH_PATHS = "$(inherited) @executable_path/Frameworks";
				PRODUCT_BUNDLE_IDENTIFIER = "com.goldcrowndevelopments.Super-Cool";
				PRODUCT_NAME = "$(TARGET_NAME)";
			};
			name = Release;
		};
/* End XCBuildConfiguration section */

/* Begin XCConfigurationList section */
		CB6040751BE7DCF4001C58D0 /* Build configuration list for PBXProject "Super Cool" */ = {
			isa = XCConfigurationList;
			buildConfigurations = (
				CB60408A1BE7DCF4001C58D0 /* Debug */,
				CB60408B1BE7DCF4001C58D0 /* Release */,
			);
			defaultConfigurationIsVisible = 0;
			defaultConfigurationName = Release;
		};
		CB60408C1BE7DCF4001C58D0 /* Build configuration list for PBXNativeTarget "Super Cool" */ = {
			isa = XCConfigurationList;
			buildConfigurations = (
				CB60408D1BE7DCF4001C58D0 /* Debug */,
				CB60408E1BE7DCF4001C58D0 /* Release */,
			);
			defaultConfigurationIsVisible = 0;
		};
/* End XCConfigurationList section */
	};
	rootObject = CB6040721BE7DCF4001C58D0 /* Project object */;
}
